// !$*UTF8*$!
{
	archiveVersion = 1;
	classes = {
	};
	objectVersion = 50;
	objects = {

/* Begin PBXBuildFile section */
		2E229DE421C8A01B0006299A /* ConstructTree.swift in Sources */ = {isa = PBXBuildFile; fileRef = 2E229DE321C8A01B0006299A /* ConstructTree.swift */; };
		2E229DE621C8B8DC0006299A /* IterativeTraversal.swift in Sources */ = {isa = PBXBuildFile; fileRef = 2E229DE521C8B8DC0006299A /* IterativeTraversal.swift */; };
		2E229DEB21C8C7060006299A /* StackImp.swift in Sources */ = {isa = PBXBuildFile; fileRef = 2E229DEA21C8C7060006299A /* StackImp.swift */; };
		2E229DED21C8C7F70006299A /* LinkedListImp.swift in Sources */ = {isa = PBXBuildFile; fileRef = 2E229DEC21C8C7F70006299A /* LinkedListImp.swift */; };
		2E229DEF21C8CA430006299A /* GraphImp.swift in Sources */ = {isa = PBXBuildFile; fileRef = 2E229DEE21C8CA430006299A /* GraphImp.swift */; };
		2E229DF121C8CDBF0006299A /* PrefixTree.swift in Sources */ = {isa = PBXBuildFile; fileRef = 2E229DF021C8CDBF0006299A /* PrefixTree.swift */; };
		2E3019A321C4C4F500026DAB /* InsertionSort.swift in Sources */ = {isa = PBXBuildFile; fileRef = 2E3019A221C4C4F500026DAB /* InsertionSort.swift */; };
		2E3019A521C4C88000026DAB /* BoyerMooreSearch.swift in Sources */ = {isa = PBXBuildFile; fileRef = 2E3019A421C4C88000026DAB /* BoyerMooreSearch.swift */; };
		2E3019A721C4CBC100026DAB /* QuickSort.swift in Sources */ = {isa = PBXBuildFile; fileRef = 2E3019A621C4CBC100026DAB /* QuickSort.swift */; };
		2E3019A921C4DB7800026DAB /* Tree.swift in Sources */ = {isa = PBXBuildFile; fileRef = 2E3019A821C4DB7800026DAB /* Tree.swift */; };
		2E3019AC21C4E12900026DAB /* BinarySearchTreeEnum.swift in Sources */ = {isa = PBXBuildFile; fileRef = 2E3019AB21C4E12900026DAB /* BinarySearchTreeEnum.swift */; };
		2E3019AE21C58D3400026DAB /* BinarySearchTree.swift in Sources */ = {isa = PBXBuildFile; fileRef = 2E3019AD21C58D3400026DAB /* BinarySearchTree.swift */; };
		2E3930C121C2D20A007FB617 /* main.swift in Sources */ = {isa = PBXBuildFile; fileRef = 2E3930C021C2D20A007FB617 /* main.swift */; };
		2E3930CA21C2D21D007FB617 /* MergeSort.swift in Sources */ = {isa = PBXBuildFile; fileRef = 2E3930C721C2D21D007FB617 /* MergeSort.swift */; };
		2E3930CB21C2D21D007FB617 /* CommonElement.swift in Sources */ = {isa = PBXBuildFile; fileRef = 2E3930C821C2D21D007FB617 /* CommonElement.swift */; };
		2E3930CC21C2D21D007FB617 /* BinarySearch.swift in Sources */ = {isa = PBXBuildFile; fileRef = 2E3930C921C2D21D007FB617 /* BinarySearch.swift */; };
		2E80487A21C367B8008A01FE /* Stack.swift in Sources */ = {isa = PBXBuildFile; fileRef = 2E80487921C367B8008A01FE /* Stack.swift */; };
		2E80487C21C36914008A01FE /* Queue.swift in Sources */ = {isa = PBXBuildFile; fileRef = 2E80487B21C36914008A01FE /* Queue.swift */; };
		2E80487E21C3697C008A01FE /* LinkedList.swift in Sources */ = {isa = PBXBuildFile; fileRef = 2E80487D21C3697C008A01FE /* LinkedList.swift */; };
		2E80488021C37A98008A01FE /* FBGlassdoor#1.swift in Sources */ = {isa = PBXBuildFile; fileRef = 2E80487F21C37A98008A01FE /* FBGlassdoor#1.swift */; };
		2EE55D9121C59C2C00BEDDD0 /* TwoSum.swift in Sources */ = {isa = PBXBuildFile; fileRef = 2EE55D9021C59C2C00BEDDD0 /* TwoSum.swift */; };
		2EE55D9321C59EF400BEDDD0 /* 3Sum.swift in Sources */ = {isa = PBXBuildFile; fileRef = 2EE55D9221C59EF400BEDDD0 /* 3Sum.swift */; };
		2EE55D9521C5AFAE00BEDDD0 /* Stocks.swift in Sources */ = {isa = PBXBuildFile; fileRef = 2EE55D9421C5AFAE00BEDDD0 /* Stocks.swift */; };
		2EE55D9721C5B2CE00BEDDD0 /* Stocks2.swift in Sources */ = {isa = PBXBuildFile; fileRef = 2EE55D9621C5B2CE00BEDDD0 /* Stocks2.swift */; };
		2EE55D9921C5C09700BEDDD0 /* Climbing Stairs.swift in Sources */ = {isa = PBXBuildFile; fileRef = 2EE55D9821C5C09700BEDDD0 /* Climbing Stairs.swift */; };
		2EE55D9B21C5D1D900BEDDD0 /* ContainsDuplicate.swift in Sources */ = {isa = PBXBuildFile; fileRef = 2EE55D9A21C5D1D900BEDDD0 /* ContainsDuplicate.swift */; };
		2EE55D9D21C5D35300BEDDD0 /* 2Sum.swift in Sources */ = {isa = PBXBuildFile; fileRef = 2EE55D9C21C5D35300BEDDD0 /* 2Sum.swift */; };
		2EE55D9F21C5D45000BEDDD0 /* MaxTreeDepth.swift in Sources */ = {isa = PBXBuildFile; fileRef = 2EE55D9E21C5D45000BEDDD0 /* MaxTreeDepth.swift */; };
		2EE55DA121C5DEE800BEDDD0 /* Shuffle.swift in Sources */ = {isa = PBXBuildFile; fileRef = 2EE55DA021C5DEE800BEDDD0 /* Shuffle.swift */; };
		2EE55DA321C5E1C000BEDDD0 /* OddEvenLinkedList.swift in Sources */ = {isa = PBXBuildFile; fileRef = 2EE55DA221C5E1C000BEDDD0 /* OddEvenLinkedList.swift */; };
		2EE55DA521C5F33A00BEDDD0 /* GraphClone.swift in Sources */ = {isa = PBXBuildFile; fileRef = 2EE55DA421C5F33A00BEDDD0 /* GraphClone.swift */; };
		2EE55DA921C6139C00BEDDD0 /* MergeSort_.swift in Sources */ = {isa = PBXBuildFile; fileRef = 2EE55DA821C6139C00BEDDD0 /* MergeSort_.swift */; };
		2EED4E3C21C62A550052B208 /* Median2Sorted.swift in Sources */ = {isa = PBXBuildFile; fileRef = 2EED4E3B21C62A550052B208 /* Median2Sorted.swift */; };
		2EED4E3E21C63F570052B208 /* SameTree.swift in Sources */ = {isa = PBXBuildFile; fileRef = 2EED4E3D21C63F570052B208 /* SameTree.swift */; };
		2EED4E4221C647B30052B208 /* FlattenTree.swift in Sources */ = {isa = PBXBuildFile; fileRef = 2EED4E4121C647B30052B208 /* FlattenTree.swift */; };
		2EED4E4421C657DE0052B208 /* DuplicateLinked.swift in Sources */ = {isa = PBXBuildFile; fileRef = 2EED4E4321C657DE0052B208 /* DuplicateLinked.swift */; };
		2EF8C4A621C7510800D67295 /* LongestSubstring.swift in Sources */ = {isa = PBXBuildFile; fileRef = 2EF8C4A521C7510800D67295 /* LongestSubstring.swift */; };
		2EF8C4A821C7675A00D67295 /* MergeTrees.swift in Sources */ = {isa = PBXBuildFile; fileRef = 2EF8C4A721C7675A00D67295 /* MergeTrees.swift */; };
		2EF8C4AA21C7756400D67295 /* DuplicateSubTree.swift in Sources */ = {isa = PBXBuildFile; fileRef = 2EF8C4A921C7756400D67295 /* DuplicateSubTree.swift */; };
		2EF8C4AE21C7891200D67295 /* HashTable.swift in Sources */ = {isa = PBXBuildFile; fileRef = 2EF8C4AD21C7891200D67295 /* HashTable.swift */; };
		95A7AF3E21C8724D00D66AAB /* SymmetricTree.swift in Sources */ = {isa = PBXBuildFile; fileRef = 95A7AF3D21C8724D00D66AAB /* SymmetricTree.swift */; };
		95A7AF4021C87C1D00D66AAB /* MergeSorted.swift in Sources */ = {isa = PBXBuildFile; fileRef = 95A7AF3F21C87C1D00D66AAB /* MergeSorted.swift */; };
/* End PBXBuildFile section */

/* Begin PBXCopyFilesBuildPhase section */
		2E3930BB21C2D20A007FB617 /* CopyFiles */ = {
			isa = PBXCopyFilesBuildPhase;
			buildActionMask = 2147483647;
			dstPath = /usr/share/man/man1/;
			dstSubfolderSpec = 0;
			files = (
			);
			runOnlyForDeploymentPostprocessing = 1;
		};
/* End PBXCopyFilesBuildPhase section */

/* Begin PBXFileReference section */
		2E229DE321C8A01B0006299A /* ConstructTree.swift */ = {isa = PBXFileReference; lastKnownFileType = sourcecode.swift; path = ConstructTree.swift; sourceTree = "<group>"; };
		2E229DE521C8B8DC0006299A /* IterativeTraversal.swift */ = {isa = PBXFileReference; lastKnownFileType = sourcecode.swift; path = IterativeTraversal.swift; sourceTree = "<group>"; };
		2E229DEA21C8C7060006299A /* StackImp.swift */ = {isa = PBXFileReference; lastKnownFileType = sourcecode.swift; path = StackImp.swift; sourceTree = "<group>"; };
		2E229DEC21C8C7F70006299A /* LinkedListImp.swift */ = {isa = PBXFileReference; lastKnownFileType = sourcecode.swift; path = LinkedListImp.swift; sourceTree = "<group>"; };
		2E229DEE21C8CA430006299A /* GraphImp.swift */ = {isa = PBXFileReference; lastKnownFileType = sourcecode.swift; path = GraphImp.swift; sourceTree = "<group>"; };
		2E229DF021C8CDBF0006299A /* PrefixTree.swift */ = {isa = PBXFileReference; lastKnownFileType = sourcecode.swift; path = PrefixTree.swift; sourceTree = "<group>"; };
		2E3019A221C4C4F500026DAB /* InsertionSort.swift */ = {isa = PBXFileReference; lastKnownFileType = sourcecode.swift; path = InsertionSort.swift; sourceTree = "<group>"; };
		2E3019A421C4C88000026DAB /* BoyerMooreSearch.swift */ = {isa = PBXFileReference; lastKnownFileType = sourcecode.swift; path = BoyerMooreSearch.swift; sourceTree = "<group>"; };
		2E3019A621C4CBC100026DAB /* QuickSort.swift */ = {isa = PBXFileReference; lastKnownFileType = sourcecode.swift; path = QuickSort.swift; sourceTree = "<group>"; };
		2E3019A821C4DB7800026DAB /* Tree.swift */ = {isa = PBXFileReference; lastKnownFileType = sourcecode.swift; path = Tree.swift; sourceTree = "<group>"; };
		2E3019AB21C4E12900026DAB /* BinarySearchTreeEnum.swift */ = {isa = PBXFileReference; lastKnownFileType = sourcecode.swift; path = BinarySearchTreeEnum.swift; sourceTree = "<group>"; };
		2E3019AD21C58D3400026DAB /* BinarySearchTree.swift */ = {isa = PBXFileReference; lastKnownFileType = sourcecode.swift; path = BinarySearchTree.swift; sourceTree = "<group>"; };
		2E3930BD21C2D20A007FB617 /* DSA */ = {isa = PBXFileReference; explicitFileType = "compiled.mach-o.executable"; includeInIndex = 0; path = DSA; sourceTree = BUILT_PRODUCTS_DIR; };
		2E3930C021C2D20A007FB617 /* main.swift */ = {isa = PBXFileReference; lastKnownFileType = sourcecode.swift; path = main.swift; sourceTree = "<group>"; };
		2E3930C721C2D21D007FB617 /* MergeSort.swift */ = {isa = PBXFileReference; fileEncoding = 4; lastKnownFileType = sourcecode.swift; path = MergeSort.swift; sourceTree = "<group>"; };
		2E3930C821C2D21D007FB617 /* CommonElement.swift */ = {isa = PBXFileReference; fileEncoding = 4; lastKnownFileType = sourcecode.swift; path = CommonElement.swift; sourceTree = "<group>"; };
		2E3930C921C2D21D007FB617 /* BinarySearch.swift */ = {isa = PBXFileReference; fileEncoding = 4; lastKnownFileType = sourcecode.swift; path = BinarySearch.swift; sourceTree = "<group>"; };
		2E80487921C367B8008A01FE /* Stack.swift */ = {isa = PBXFileReference; lastKnownFileType = sourcecode.swift; path = Stack.swift; sourceTree = "<group>"; };
		2E80487B21C36914008A01FE /* Queue.swift */ = {isa = PBXFileReference; lastKnownFileType = sourcecode.swift; path = Queue.swift; sourceTree = "<group>"; };
		2E80487D21C3697C008A01FE /* LinkedList.swift */ = {isa = PBXFileReference; lastKnownFileType = sourcecode.swift; path = LinkedList.swift; sourceTree = "<group>"; };
		2E80487F21C37A98008A01FE /* FBGlassdoor#1.swift */ = {isa = PBXFileReference; lastKnownFileType = sourcecode.swift; path = "FBGlassdoor#1.swift"; sourceTree = "<group>"; };
		2EE55D9021C59C2C00BEDDD0 /* TwoSum.swift */ = {isa = PBXFileReference; lastKnownFileType = sourcecode.swift; path = TwoSum.swift; sourceTree = "<group>"; };
		2EE55D9221C59EF400BEDDD0 /* 3Sum.swift */ = {isa = PBXFileReference; lastKnownFileType = sourcecode.swift; path = 3Sum.swift; sourceTree = "<group>"; };
		2EE55D9421C5AFAE00BEDDD0 /* Stocks.swift */ = {isa = PBXFileReference; lastKnownFileType = sourcecode.swift; path = Stocks.swift; sourceTree = "<group>"; };
		2EE55D9621C5B2CE00BEDDD0 /* Stocks2.swift */ = {isa = PBXFileReference; lastKnownFileType = sourcecode.swift; path = Stocks2.swift; sourceTree = "<group>"; };
		2EE55D9821C5C09700BEDDD0 /* Climbing Stairs.swift */ = {isa = PBXFileReference; lastKnownFileType = sourcecode.swift; path = "Climbing Stairs.swift"; sourceTree = "<group>"; };
		2EE55D9A21C5D1D900BEDDD0 /* ContainsDuplicate.swift */ = {isa = PBXFileReference; lastKnownFileType = sourcecode.swift; path = ContainsDuplicate.swift; sourceTree = "<group>"; };
		2EE55D9C21C5D35300BEDDD0 /* 2Sum.swift */ = {isa = PBXFileReference; lastKnownFileType = sourcecode.swift; path = 2Sum.swift; sourceTree = "<group>"; };
		2EE55D9E21C5D45000BEDDD0 /* MaxTreeDepth.swift */ = {isa = PBXFileReference; lastKnownFileType = sourcecode.swift; path = MaxTreeDepth.swift; sourceTree = "<group>"; };
		2EE55DA021C5DEE800BEDDD0 /* Shuffle.swift */ = {isa = PBXFileReference; lastKnownFileType = sourcecode.swift; path = Shuffle.swift; sourceTree = "<group>"; };
		2EE55DA221C5E1C000BEDDD0 /* OddEvenLinkedList.swift */ = {isa = PBXFileReference; lastKnownFileType = sourcecode.swift; path = OddEvenLinkedList.swift; sourceTree = "<group>"; };
		2EE55DA421C5F33A00BEDDD0 /* GraphClone.swift */ = {isa = PBXFileReference; lastKnownFileType = sourcecode.swift; path = GraphClone.swift; sourceTree = "<group>"; };
		2EE55DA821C6139C00BEDDD0 /* MergeSort_.swift */ = {isa = PBXFileReference; lastKnownFileType = sourcecode.swift; path = MergeSort_.swift; sourceTree = "<group>"; };
		2EED4E3B21C62A550052B208 /* Median2Sorted.swift */ = {isa = PBXFileReference; lastKnownFileType = sourcecode.swift; path = Median2Sorted.swift; sourceTree = "<group>"; };
		2EED4E3D21C63F570052B208 /* SameTree.swift */ = {isa = PBXFileReference; lastKnownFileType = sourcecode.swift; path = SameTree.swift; sourceTree = "<group>"; };
		2EED4E4121C647B30052B208 /* FlattenTree.swift */ = {isa = PBXFileReference; lastKnownFileType = sourcecode.swift; path = FlattenTree.swift; sourceTree = "<group>"; };
		2EED4E4321C657DE0052B208 /* DuplicateLinked.swift */ = {isa = PBXFileReference; lastKnownFileType = sourcecode.swift; path = DuplicateLinked.swift; sourceTree = "<group>"; };
		2EF8C4A521C7510800D67295 /* LongestSubstring.swift */ = {isa = PBXFileReference; lastKnownFileType = sourcecode.swift; path = LongestSubstring.swift; sourceTree = "<group>"; };
		2EF8C4A721C7675A00D67295 /* MergeTrees.swift */ = {isa = PBXFileReference; lastKnownFileType = sourcecode.swift; path = MergeTrees.swift; sourceTree = "<group>"; };
		2EF8C4A921C7756400D67295 /* DuplicateSubTree.swift */ = {isa = PBXFileReference; lastKnownFileType = sourcecode.swift; path = DuplicateSubTree.swift; sourceTree = "<group>"; };
		2EF8C4AD21C7891200D67295 /* HashTable.swift */ = {isa = PBXFileReference; lastKnownFileType = sourcecode.swift; path = HashTable.swift; sourceTree = "<group>"; };
		95A7AF3D21C8724D00D66AAB /* SymmetricTree.swift */ = {isa = PBXFileReference; lastKnownFileType = sourcecode.swift; path = SymmetricTree.swift; sourceTree = "<group>"; };
		95A7AF3F21C87C1D00D66AAB /* MergeSorted.swift */ = {isa = PBXFileReference; lastKnownFileType = sourcecode.swift; path = MergeSorted.swift; sourceTree = "<group>"; };
/* End PBXFileReference section */

/* Begin PBXFrameworksBuildPhase section */
		2E3930BA21C2D20A007FB617 /* Frameworks */ = {
			isa = PBXFrameworksBuildPhase;
			buildActionMask = 2147483647;
			files = (
			);
			runOnlyForDeploymentPostprocessing = 0;
		};
/* End PBXFrameworksBuildPhase section */

/* Begin PBXGroup section */
		2E229DE921C8C6F90006299A /* BasicImplementations */ = {
			isa = PBXGroup;
			children = (
				2E229DEA21C8C7060006299A /* StackImp.swift */,
				2E229DEC21C8C7F70006299A /* LinkedListImp.swift */,
				2E229DEE21C8CA430006299A /* GraphImp.swift */,
			);
			path = BasicImplementations;
			sourceTree = "<group>";
		};
		2E3019AF21C5922A00026DAB /* MyDSA */ = {
			isa = PBXGroup;
			children = (
				2E80487F21C37A98008A01FE /* FBGlassdoor#1.swift */,
				2EE55D9021C59C2C00BEDDD0 /* TwoSum.swift */,
				2EE55D9421C5AFAE00BEDDD0 /* Stocks.swift */,
				2EE55D9621C5B2CE00BEDDD0 /* Stocks2.swift */,
				2EE55D9821C5C09700BEDDD0 /* Climbing Stairs.swift */,
				2EE55D9A21C5D1D900BEDDD0 /* ContainsDuplicate.swift */,
				2EE55D9C21C5D35300BEDDD0 /* 2Sum.swift */,
				2EE55D9E21C5D45000BEDDD0 /* MaxTreeDepth.swift */,
				2EE55DA021C5DEE800BEDDD0 /* Shuffle.swift */,
				2EE55DA221C5E1C000BEDDD0 /* OddEvenLinkedList.swift */,
				2EE55DA421C5F33A00BEDDD0 /* GraphClone.swift */,
				2EE55DA821C6139C00BEDDD0 /* MergeSort_.swift */,
				2EED4E3B21C62A550052B208 /* Median2Sorted.swift */,
				2EED4E3D21C63F570052B208 /* SameTree.swift */,
				2EED4E4121C647B30052B208 /* FlattenTree.swift */,
				2EED4E4321C657DE0052B208 /* DuplicateLinked.swift */,
				2EF8C4A521C7510800D67295 /* LongestSubstring.swift */,
				2EF8C4A721C7675A00D67295 /* MergeTrees.swift */,
				2EF8C4A921C7756400D67295 /* DuplicateSubTree.swift */,
				95A7AF3D21C8724D00D66AAB /* SymmetricTree.swift */,
				95A7AF3F21C87C1D00D66AAB /* MergeSorted.swift */,
				2E229DE321C8A01B0006299A /* ConstructTree.swift */,
				2E229DE521C8B8DC0006299A /* IterativeTraversal.swift */,
				2E229DF021C8CDBF0006299A /* PrefixTree.swift */,
			);
			path = MyDSA;
			sourceTree = "<group>";
		};
		2E3930B421C2D20A007FB617 = {
			isa = PBXGroup;
			children = (
				2E3930BF21C2D20A007FB617 /* DSA */,
				2E3930BE21C2D20A007FB617 /* Products */,
			);
			sourceTree = "<group>";
		};
		2E3930BE21C2D20A007FB617 /* Products */ = {
			isa = PBXGroup;
			children = (
				2E3930BD21C2D20A007FB617 /* DSA */,
			);
			name = Products;
			sourceTree = "<group>";
		};
		2E3930BF21C2D20A007FB617 /* DSA */ = {
			isa = PBXGroup;
			children = (
				2E229DE921C8C6F90006299A /* BasicImplementations */,
				2E3019AF21C5922A00026DAB /* MyDSA */,
				2EE55D9221C59EF400BEDDD0 /* 3Sum.swift */,
				2E3930C921C2D21D007FB617 /* BinarySearch.swift */,
				2E3930C821C2D21D007FB617 /* CommonElement.swift */,
				2E3930C721C2D21D007FB617 /* MergeSort.swift */,
				2E3930C021C2D20A007FB617 /* main.swift */,
				2E80487921C367B8008A01FE /* Stack.swift */,
				2E80487B21C36914008A01FE /* Queue.swift */,
				2E80487D21C3697C008A01FE /* LinkedList.swift */,
				2E3019A221C4C4F500026DAB /* InsertionSort.swift */,
				2E3019A421C4C88000026DAB /* BoyerMooreSearch.swift */,
				2E3019A621C4CBC100026DAB /* QuickSort.swift */,
				2E3019A821C4DB7800026DAB /* Tree.swift */,
				2E3019AB21C4E12900026DAB /* BinarySearchTreeEnum.swift */,
				2E3019AD21C58D3400026DAB /* BinarySearchTree.swift */,
				2EF8C4AD21C7891200D67295 /* HashTable.swift */,
			);
			path = DSA;
			sourceTree = "<group>";
		};
/* End PBXGroup section */

/* Begin PBXNativeTarget section */
		2E3930BC21C2D20A007FB617 /* DSA */ = {
			isa = PBXNativeTarget;
			buildConfigurationList = 2E3930C421C2D20A007FB617 /* Build configuration list for PBXNativeTarget "DSA" */;
			buildPhases = (
				2E3930B921C2D20A007FB617 /* Sources */,
				2E3930BA21C2D20A007FB617 /* Frameworks */,
				2E3930BB21C2D20A007FB617 /* CopyFiles */,
			);
			buildRules = (
			);
			dependencies = (
			);
			name = DSA;
			productName = DSA;
			productReference = 2E3930BD21C2D20A007FB617 /* DSA */;
			productType = "com.apple.product-type.tool";
		};
/* End PBXNativeTarget section */

/* Begin PBXProject section */
		2E3930B521C2D20A007FB617 /* Project object */ = {
			isa = PBXProject;
			attributes = {
				LastSwiftUpdateCheck = 1010;
				LastUpgradeCheck = 1010;
				ORGANIZATIONNAME = Samy;
				TargetAttributes = {
					2E3930BC21C2D20A007FB617 = {
						CreatedOnToolsVersion = 10.1;
					};
				};
			};
			buildConfigurationList = 2E3930B821C2D20A007FB617 /* Build configuration list for PBXProject "DSA" */;
			compatibilityVersion = "Xcode 9.3";
			developmentRegion = en;
			hasScannedForEncodings = 0;
			knownRegions = (
				en,
			);
			mainGroup = 2E3930B421C2D20A007FB617;
			productRefGroup = 2E3930BE21C2D20A007FB617 /* Products */;
			projectDirPath = "";
			projectRoot = "";
			targets = (
				2E3930BC21C2D20A007FB617 /* DSA */,
			);
		};
/* End PBXProject section */

/* Begin PBXSourcesBuildPhase section */
		2E3930B921C2D20A007FB617 /* Sources */ = {
			isa = PBXSourcesBuildPhase;
			buildActionMask = 2147483647;
			files = (
				2E3019A321C4C4F500026DAB /* InsertionSort.swift in Sources */,
				2E229DEB21C8C7060006299A /* StackImp.swift in Sources */,
				2E80488021C37A98008A01FE /* FBGlassdoor#1.swift in Sources */,
				2E3930CC21C2D21D007FB617 /* BinarySearch.swift in Sources */,
				2E80487C21C36914008A01FE /* Queue.swift in Sources */,
				2EE55D9521C5AFAE00BEDDD0 /* Stocks.swift in Sources */,
				95A7AF4021C87C1D00D66AAB /* MergeSorted.swift in Sources */,
				2E3019A721C4CBC100026DAB /* QuickSort.swift in Sources */,
				2EED4E4421C657DE0052B208 /* DuplicateLinked.swift in Sources */,
				2EE55D9921C5C09700BEDDD0 /* Climbing Stairs.swift in Sources */,
				2EE55D9721C5B2CE00BEDDD0 /* Stocks2.swift in Sources */,
				2E229DF121C8CDBF0006299A /* PrefixTree.swift in Sources */,
				2EE55DA521C5F33A00BEDDD0 /* GraphClone.swift in Sources */,
				2E3019AC21C4E12900026DAB /* BinarySearchTreeEnum.swift in Sources */,
				2EE55D9321C59EF400BEDDD0 /* 3Sum.swift in Sources */,
				2EE55D9121C59C2C00BEDDD0 /* TwoSum.swift in Sources */,
				2E80487A21C367B8008A01FE /* Stack.swift in Sources */,
				2E229DEF21C8CA430006299A /* GraphImp.swift in Sources */,
				2EF8C4A621C7510800D67295 /* LongestSubstring.swift in Sources */,
				2EED4E3C21C62A550052B208 /* Median2Sorted.swift in Sources */,
				2EE55D9B21C5D1D900BEDDD0 /* ContainsDuplicate.swift in Sources */,
				2EE55DA121C5DEE800BEDDD0 /* Shuffle.swift in Sources */,
				2EF8C4A821C7675A00D67295 /* MergeTrees.swift in Sources */,
				2EED4E4221C647B30052B208 /* FlattenTree.swift in Sources */,
				2E229DE421C8A01B0006299A /* ConstructTree.swift in Sources */,
				2EF8C4AA21C7756400D67295 /* DuplicateSubTree.swift in Sources */,
				2E3930CA21C2D21D007FB617 /* MergeSort.swift in Sources */,
				2EED4E3E21C63F570052B208 /* SameTree.swift in Sources */,
				2E3019A521C4C88000026DAB /* BoyerMooreSearch.swift in Sources */,
				2EE55DA921C6139C00BEDDD0 /* MergeSort_.swift in Sources */,
				2E3930C121C2D20A007FB617 /* main.swift in Sources */,
				2EE55D9F21C5D45000BEDDD0 /* MaxTreeDepth.swift in Sources */,
				2E3019AE21C58D3400026DAB /* BinarySearchTree.swift in Sources */,
				2E229DED21C8C7F70006299A /* LinkedListImp.swift in Sources */,
				2EE55D9D21C5D35300BEDDD0 /* 2Sum.swift in Sources */,
				2E3019A921C4DB7800026DAB /* Tree.swift in Sources */,
				2E229DE621C8B8DC0006299A /* IterativeTraversal.swift in Sources */,
				2EE55DA321C5E1C000BEDDD0 /* OddEvenLinkedList.swift in Sources */,
				2E3930CB21C2D21D007FB617 /* CommonElement.swift in Sources */,
				2EF8C4AE21C7891200D67295 /* HashTable.swift in Sources */,
				95A7AF3E21C8724D00D66AAB /* SymmetricTree.swift in Sources */,
				2E80487E21C3697C008A01FE /* LinkedList.swift in Sources */,
			);
			runOnlyForDeploymentPostprocessing = 0;
		};
/* End PBXSourcesBuildPhase section */

/* Begin XCBuildConfiguration section */
		2E3930C221C2D20A007FB617 /* Debug */ = {
			isa = XCBuildConfiguration;
			buildSettings = {
				ALWAYS_SEARCH_USER_PATHS = NO;
				CLANG_ANALYZER_NONNULL = YES;
				CLANG_ANALYZER_NUMBER_OBJECT_CONVERSION = YES_AGGRESSIVE;
				CLANG_CXX_LANGUAGE_STANDARD = "gnu++14";
				CLANG_CXX_LIBRARY = "libc++";
				CLANG_ENABLE_MODULES = YES;
				CLANG_ENABLE_OBJC_ARC = YES;
				CLANG_ENABLE_OBJC_WEAK = YES;
				CLANG_WARN_BLOCK_CAPTURE_AUTORELEASING = YES;
				CLANG_WARN_BOOL_CONVERSION = YES;
				CLANG_WARN_COMMA = YES;
				CLANG_WARN_CONSTANT_CONVERSION = YES;
				CLANG_WARN_DEPRECATED_OBJC_IMPLEMENTATIONS = YES;
				CLANG_WARN_DIRECT_OBJC_ISA_USAGE = YES_ERROR;
				CLANG_WARN_DOCUMENTATION_COMMENTS = YES;
				CLANG_WARN_EMPTY_BODY = YES;
				CLANG_WARN_ENUM_CONVERSION = YES;
				CLANG_WARN_INFINITE_RECURSION = YES;
				CLANG_WARN_INT_CONVERSION = YES;
				CLANG_WARN_NON_LITERAL_NULL_CONVERSION = YES;
				CLANG_WARN_OBJC_IMPLICIT_RETAIN_SELF = YES;
				CLANG_WARN_OBJC_LITERAL_CONVERSION = YES;
				CLANG_WARN_OBJC_ROOT_CLASS = YES_ERROR;
				CLANG_WARN_RANGE_LOOP_ANALYSIS = YES;
				CLANG_WARN_STRICT_PROTOTYPES = YES;
				CLANG_WARN_SUSPICIOUS_MOVE = YES;
				CLANG_WARN_UNGUARDED_AVAILABILITY = YES_AGGRESSIVE;
				CLANG_WARN_UNREACHABLE_CODE = YES;
				CLANG_WARN__DUPLICATE_METHOD_MATCH = YES;
				CODE_SIGN_IDENTITY = "Mac Developer";
				COPY_PHASE_STRIP = NO;
				DEBUG_INFORMATION_FORMAT = dwarf;
				ENABLE_STRICT_OBJC_MSGSEND = YES;
				ENABLE_TESTABILITY = YES;
				GCC_C_LANGUAGE_STANDARD = gnu11;
				GCC_DYNAMIC_NO_PIC = NO;
				GCC_NO_COMMON_BLOCKS = YES;
				GCC_OPTIMIZATION_LEVEL = 0;
				GCC_PREPROCESSOR_DEFINITIONS = (
					"DEBUG=1",
					"$(inherited)",
				);
				GCC_WARN_64_TO_32_BIT_CONVERSION = YES;
				GCC_WARN_ABOUT_RETURN_TYPE = YES_ERROR;
				GCC_WARN_UNDECLARED_SELECTOR = YES;
				GCC_WARN_UNINITIALIZED_AUTOS = YES_AGGRESSIVE;
				GCC_WARN_UNUSED_FUNCTION = YES;
				GCC_WARN_UNUSED_VARIABLE = YES;
				MACOSX_DEPLOYMENT_TARGET = 10.14;
				MTL_ENABLE_DEBUG_INFO = INCLUDE_SOURCE;
				MTL_FAST_MATH = YES;
				ONLY_ACTIVE_ARCH = YES;
				SDKROOT = macosx;
				SWIFT_ACTIVE_COMPILATION_CONDITIONS = DEBUG;
				SWIFT_OPTIMIZATION_LEVEL = "-Onone";
			};
			name = Debug;
		};
		2E3930C321C2D20A007FB617 /* Release */ = {
			isa = XCBuildConfiguration;
			buildSettings = {
				ALWAYS_SEARCH_USER_PATHS = NO;
				CLANG_ANALYZER_NONNULL = YES;
				CLANG_ANALYZER_NUMBER_OBJECT_CONVERSION = YES_AGGRESSIVE;
				CLANG_CXX_LANGUAGE_STANDARD = "gnu++14";
				CLANG_CXX_LIBRARY = "libc++";
				CLANG_ENABLE_MODULES = YES;
				CLANG_ENABLE_OBJC_ARC = YES;
				CLANG_ENABLE_OBJC_WEAK = YES;
				CLANG_WARN_BLOCK_CAPTURE_AUTORELEASING = YES;
				CLANG_WARN_BOOL_CONVERSION = YES;
				CLANG_WARN_COMMA = YES;
				CLANG_WARN_CONSTANT_CONVERSION = YES;
				CLANG_WARN_DEPRECATED_OBJC_IMPLEMENTATIONS = YES;
				CLANG_WARN_DIRECT_OBJC_ISA_USAGE = YES_ERROR;
				CLANG_WARN_DOCUMENTATION_COMMENTS = YES;
				CLANG_WARN_EMPTY_BODY = YES;
				CLANG_WARN_ENUM_CONVERSION = YES;
				CLANG_WARN_INFINITE_RECURSION = YES;
				CLANG_WARN_INT_CONVERSION = YES;
				CLANG_WARN_NON_LITERAL_NULL_CONVERSION = YES;
				CLANG_WARN_OBJC_IMPLICIT_RETAIN_SELF = YES;
				CLANG_WARN_OBJC_LITERAL_CONVERSION = YES;
				CLANG_WARN_OBJC_ROOT_CLASS = YES_ERROR;
				CLANG_WARN_RANGE_LOOP_ANALYSIS = YES;
				CLANG_WARN_STRICT_PROTOTYPES = YES;
				CLANG_WARN_SUSPICIOUS_MOVE = YES;
				CLANG_WARN_UNGUARDED_AVAILABILITY = YES_AGGRESSIVE;
				CLANG_WARN_UNREACHABLE_CODE = YES;
				CLANG_WARN__DUPLICATE_METHOD_MATCH = YES;
				CODE_SIGN_IDENTITY = "Mac Developer";
				COPY_PHASE_STRIP = NO;
				DEBUG_INFORMATION_FORMAT = "dwarf-with-dsym";
				ENABLE_NS_ASSERTIONS = NO;
				ENABLE_STRICT_OBJC_MSGSEND = YES;
				GCC_C_LANGUAGE_STANDARD = gnu11;
				GCC_NO_COMMON_BLOCKS = YES;
				GCC_WARN_64_TO_32_BIT_CONVERSION = YES;
				GCC_WARN_ABOUT_RETURN_TYPE = YES_ERROR;
				GCC_WARN_UNDECLARED_SELECTOR = YES;
				GCC_WARN_UNINITIALIZED_AUTOS = YES_AGGRESSIVE;
				GCC_WARN_UNUSED_FUNCTION = YES;
				GCC_WARN_UNUSED_VARIABLE = YES;
				MACOSX_DEPLOYMENT_TARGET = 10.14;
				MTL_ENABLE_DEBUG_INFO = NO;
				MTL_FAST_MATH = YES;
				SDKROOT = macosx;
				SWIFT_COMPILATION_MODE = wholemodule;
				SWIFT_OPTIMIZATION_LEVEL = "-O";
			};
			name = Release;
		};
		2E3930C521C2D20A007FB617 /* Debug */ = {
			isa = XCBuildConfiguration;
			buildSettings = {
				CODE_SIGN_STYLE = Automatic;
				DEVELOPMENT_TEAM = U64BTXUUVE;
				PRODUCT_NAME = "$(TARGET_NAME)";
				SWIFT_VERSION = 4.2;
			};
			name = Debug;
		};
		2E3930C621C2D20A007FB617 /* Release */ = {
			isa = XCBuildConfiguration;
			buildSettings = {
				CODE_SIGN_STYLE = Automatic;
				DEVELOPMENT_TEAM = U64BTXUUVE;
				PRODUCT_NAME = "$(TARGET_NAME)";
				SWIFT_VERSION = 4.2;
			};
			name = Release;
		};
/* End XCBuildConfiguration section */

/* Begin XCConfigurationList section */
		2E3930B821C2D20A007FB617 /* Build configuration list for PBXProject "DSA" */ = {
			isa = XCConfigurationList;
			buildConfigurations = (
				2E3930C221C2D20A007FB617 /* Debug */,
				2E3930C321C2D20A007FB617 /* Release */,
			);
			defaultConfigurationIsVisible = 0;
			defaultConfigurationName = Release;
		};
		2E3930C421C2D20A007FB617 /* Build configuration list for PBXNativeTarget "DSA" */ = {
			isa = XCConfigurationList;
			buildConfigurations = (
				2E3930C521C2D20A007FB617 /* Debug */,
				2E3930C621C2D20A007FB617 /* Release */,
			);
			defaultConfigurationIsVisible = 0;
			defaultConfigurationName = Release;
		};
/* End XCConfigurationList section */
	};
	rootObject = 2E3930B521C2D20A007FB617 /* Project object */;
}
